
Microsoft Visual Studio Solution File, Format Version 12.00
# Visual Studio Version 16
VisualStudioVersion = 16.0.32413.511
MinimumVisualStudioVersion = 10.0.40219.1
Project("{8BC9CEB8-8B4A-11D0-8D11-00A0C91BC942}") = "EXAMEN_JUIN22", "EXAMEN_JUIN22\EXAMEN_JUIN22.vcxproj", "{B0604C01-916B-4992-BB25-403FF5C1CCC6}"
EndProject
Global
	GlobalSection(SolutionConfigurationPlatforms) = preSolution
		Debug|x64 = Debug|x64
		Debug|x86 = Debug|x86
		Release|x64 = Release|x64
		Release|x86 = Release|x86
	EndGlobalSection
	GlobalSection(ProjectConfigurationPlatforms) = postSolution
		{B0604C01-916B-4992-BB25-403FF5C1CCC6}.Debug|x64.ActiveCfg = Debug|x64
		{B0604C01-916B-4992-BB25-403FF5C1CCC6}.Debug|x64.Build.0 = Debug|x64
		{B0604C01-916B-4992-BB25-403FF5C1CCC6}.Debug|x86.ActiveCfg = Debug|Win32
		{B0604C01-916B-4992-BB25-403FF5C1CCC6}.Debug|x86.Build.0 = Debug|Win32
		{B0604C01-916B-4992-BB25-403FF5C1CCC6}.Release|x64.ActiveCfg = Release|x64
		{B0604C01-916B-4992-BB25-403FF5C1CCC6}.Release|x64.Build.0 = Release|x64
		{B0604C01-916B-4992-BB25-403FF5C1CCC6}.Release|x86.ActiveCfg = Release|Win32
		{B0604C01-916B-4992-BB25-403FF5C1CCC6}.Release|x86.Build.0 = Release|Win32
	EndGlobalSection
	GlobalSection(SolutionProperties) = preSolution
		HideSolutionNode = FALSE
	EndGlobalSection
	GlobalSection(ExtensibilityGlobals) = postSolution
		SolutionGuid = {E6A1253E-B2A3-4D07-9200-1F962E9631CA}
	EndGlobalSection
EndGlobal
